
Microsoft Visual Studio Solution File, Format Version 12.00
# Visual Studio Version 17
VisualStudioVersion = 17.10.34916.146
MinimumVisualStudioVersion = 10.0.40219.1
Project("{FAE04EC0-301F-11D3-BF4B-00C04F79EFBC}") = "WinNotAntialiasedRepro", "WinNotAntialiasedRepro.csproj", "{FD85DCF9-AB79-432B-920E-90DB28267829}"
EndProject
Global
	GlobalSection(SolutionConfigurationPlatforms) = preSolution
		Debug|Any CPU = Debug|Any CPU
		Release|Any CPU = Release|Any CPU
	EndGlobalSection
	GlobalSection(ProjectConfigurationPlatforms) = postSolution
		{FD85DCF9-AB79-432B-920E-90DB28267829}.Debug|Any CPU.ActiveCfg = Debug|Any CPU
		{FD85DCF9-AB79-432B-920E-90DB28267829}.Debug|Any CPU.Build.0 = Debug|Any CPU
		{FD85DCF9-AB79-432B-920E-90DB28267829}.Debug|Any CPU.Deploy.0 = Debug|Any CPU
		{FD85DCF9-AB79-432B-920E-90DB28267829}.Release|Any CPU.ActiveCfg = Release|Any CPU
		{FD85DCF9-AB79-432B-920E-90DB28267829}.Release|Any CPU.Build.0 = Release|Any CPU
		{FD85DCF9-AB79-432B-920E-90DB28267829}.Release|Any CPU.Deploy.0 = Release|Any CPU
	EndGlobalSection
	GlobalSection(SolutionProperties) = preSolution
		HideSolutionNode = FALSE
	EndGlobalSection
	GlobalSection(ExtensibilityGlobals) = postSolution
		SolutionGuid = {2200FD1A-060E-4A1F-96DB-9DA11BC291C5}
	EndGlobalSection
EndGlobal
